// !$*UTF8*$!
{
	archiveVersion = 1;
	classes = {
	};
	objectVersion = 46;
	objects = {

/* Begin PBXBuildFile section */
		F8914AC9194673F300689FE2 /* Foundation.framework in Frameworks */ = {isa = PBXBuildFile; fileRef = F8914AC8194673F300689FE2 /* Foundation.framework */; };
		F8914ACB194673F300689FE2 /* CoreGraphics.framework in Frameworks */ = {isa = PBXBuildFile; fileRef = F8914ACA194673F300689FE2 /* CoreGraphics.framework */; };
		F8914ACD194673F300689FE2 /* UIKit.framework in Frameworks */ = {isa = PBXBuildFile; fileRef = F8914ACC194673F300689FE2 /* UIKit.framework */; };
		F8914AD3194673F300689FE2 /* InfoPlist.strings in Resources */ = {isa = PBXBuildFile; fileRef = F8914AD1194673F300689FE2 /* InfoPlist.strings */; };
		F8914AD5194673F300689FE2 /* main.m in Sources */ = {isa = PBXBuildFile; fileRef = F8914AD4194673F300689FE2 /* main.m */; };
		F8914AD9194673F300689FE2 /* APPAppDelegate.m in Sources */ = {isa = PBXBuildFile; fileRef = F8914AD8194673F300689FE2 /* APPAppDelegate.m */; };
		F8914ADC194673F300689FE2 /* Main.storyboard in Resources */ = {isa = PBXBuildFile; fileRef = F8914ADA194673F300689FE2 /* Main.storyboard */; };
		F8914ADF194673F300689FE2 /* APPMasterViewController.m in Sources */ = {isa = PBXBuildFile; fileRef = F8914ADE194673F300689FE2 /* APPMasterViewController.m */; };
		F8914AE2194673F300689FE2 /* APPDetailViewController.m in Sources */ = {isa = PBXBuildFile; fileRef = F8914AE1194673F300689FE2 /* APPDetailViewController.m */; };
		F8914AE4194673F300689FE2 /* Images.xcassets in Resources */ = {isa = PBXBuildFile; fileRef = F8914AE3194673F300689FE2 /* Images.xcassets */; };
		F8914AEB194673F300689FE2 /* XCTest.framework in Frameworks */ = {isa = PBXBuildFile; fileRef = F8914AEA194673F300689FE2 /* XCTest.framework */; };
		F8914AEC194673F300689FE2 /* Foundation.framework in Frameworks */ = {isa = PBXBuildFile; fileRef = F8914AC8194673F300689FE2 /* Foundation.framework */; };
		F8914AED194673F300689FE2 /* UIKit.framework in Frameworks */ = {isa = PBXBuildFile; fileRef = F8914ACC194673F300689FE2 /* UIKit.framework */; };
		F8914AF5194673F300689FE2 /* InfoPlist.strings in Resources */ = {isa = PBXBuildFile; fileRef = F8914AF3194673F300689FE2 /* InfoPlist.strings */; };
		F8914AF7194673F300689FE2 /* RSSreaderTests.m in Sources */ = {isa = PBXBuildFile; fileRef = F8914AF6194673F300689FE2 /* RSSreaderTests.m */; };
/* End PBXBuildFile section */

/* Begin PBXContainerItemProxy section */
		F8914AEE194673F300689FE2 /* PBXContainerItemProxy */ = {
			isa = PBXContainerItemProxy;
			containerPortal = F8914ABD194673F300689FE2 /* Project object */;
			proxyType = 1;
			remoteGlobalIDString = F8914AC4194673F300689FE2;
			remoteInfo = RSSreader;
		};
/* End PBXContainerItemProxy section */

/* Begin PBXFileReference section */
		F8914AC5194673F300689FE2 /* RSSreader.app */ = {isa = PBXFileReference; explicitFileType = wrapper.application; includeInIndex = 0; path = RSSreader.app; sourceTree = BUILT_PRODUCTS_DIR; };
		F8914AC8194673F300689FE2 /* Foundation.framework */ = {isa = PBXFileReference; lastKnownFileType = wrapper.framework; name = Foundation.framework; path = System/Library/Frameworks/Foundation.framework; sourceTree = SDKROOT; };
		F8914ACA194673F300689FE2 /* CoreGraphics.framework */ = {isa = PBXFileReference; lastKnownFileType = wrapper.framework; name = CoreGraphics.framework; path = System/Library/Frameworks/CoreGraphics.framework; sourceTree = SDKROOT; };
		F8914ACC194673F300689FE2 /* UIKit.framework */ = {isa = PBXFileReference; lastKnownFileType = wrapper.framework; name = UIKit.framework; path = System/Library/Frameworks/UIKit.framework; sourceTree = SDKROOT; };
		F8914AD0194673F300689FE2 /* RSSreader-Info.plist */ = {isa = PBXFileReference; lastKnownFileType = text.plist.xml; path = "RSSreader-Info.plist"; sourceTree = "<group>"; };
		F8914AD2194673F300689FE2 /* en */ = {isa = PBXFileReference; lastKnownFileType = text.plist.strings; name = en; path = en.lproj/InfoPlist.strings; sourceTree = "<group>"; };
		F8914AD4194673F300689FE2 /* main.m */ = {isa = PBXFileReference; lastKnownFileType = sourcecode.c.objc; path = main.m; sourceTree = "<group>"; };
		F8914AD6194673F300689FE2 /* RSSreader-Prefix.pch */ = {isa = PBXFileReference; lastKnownFileType = sourcecode.c.h; path = "RSSreader-Prefix.pch"; sourceTree = "<group>"; };
		F8914AD7194673F300689FE2 /* APPAppDelegate.h */ = {isa = PBXFileReference; lastKnownFileType = sourcecode.c.h; path = APPAppDelegate.h; sourceTree = "<group>"; };
		F8914AD8194673F300689FE2 /* APPAppDelegate.m */ = {isa = PBXFileReference; lastKnownFileType = sourcecode.c.objc; path = APPAppDelegate.m; sourceTree = "<group>"; };
		F8914ADB194673F300689FE2 /* Base */ = {isa = PBXFileReference; lastKnownFileType = file.storyboard; name = Base; path = Base.lproj/Main.storyboard; sourceTree = "<group>"; };
		F8914ADD194673F300689FE2 /* APPMasterViewController.h */ = {isa = PBXFileReference; lastKnownFileType = sourcecode.c.h; path = APPMasterViewController.h; sourceTree = "<group>"; };
		F8914ADE194673F300689FE2 /* APPMasterViewController.m */ = {isa = PBXFileReference; lastKnownFileType = sourcecode.c.objc; path = APPMasterViewController.m; sourceTree = "<group>"; };
		F8914AE0194673F300689FE2 /* APPDetailViewController.h */ = {isa = PBXFileReference; lastKnownFileType = sourcecode.c.h; path = APPDetailViewController.h; sourceTree = "<group>"; };
		F8914AE1194673F300689FE2 /* APPDetailViewController.m */ = {isa = PBXFileReference; lastKnownFileType = sourcecode.c.objc; path = APPDetailViewController.m; sourceTree = "<group>"; };
		F8914AE3194673F300689FE2 /* Images.xcassets */ = {isa = PBXFileReference; lastKnownFileType = folder.assetcatalog; path = Images.xcassets; sourceTree = "<group>"; };
		F8914AE9194673F300689FE2 /* RSSreaderTests.xctest */ = {isa = PBXFileReference; explicitFileType = wrapper.cfbundle; includeInIndex = 0; path = RSSreaderTests.xctest; sourceTree = BUILT_PRODUCTS_DIR; };
		F8914AEA194673F300689FE2 /* XCTest.framework */ = {isa = PBXFileReference; lastKnownFileType = wrapper.framework; name = XCTest.framework; path = Library/Frameworks/XCTest.framework; sourceTree = DEVELOPER_DIR; };
		F8914AF2194673F300689FE2 /* RSSreaderTests-Info.plist */ = {isa = PBXFileReference; lastKnownFileType = text.plist.xml; path = "RSSreaderTests-Info.plist"; sourceTree = "<group>"; };
		F8914AF4194673F300689FE2 /* en */ = {isa = PBXFileReference; lastKnownFileType = text.plist.strings; name = en; path = en.lproj/InfoPlist.strings; sourceTree = "<group>"; };
		F8914AF6194673F300689FE2 /* RSSreaderTests.m */ = {isa = PBXFileReference; lastKnownFileType = sourcecode.c.objc; path = RSSreaderTests.m; sourceTree = "<group>"; };
/* End PBXFileReference section */

/* Begin PBXFrameworksBuildPhase section */
		F8914AC2194673F300689FE2 /* Frameworks */ = {
			isa = PBXFrameworksBuildPhase;
			buildActionMask = 2147483647;
			files = (
				F8914ACB194673F300689FE2 /* CoreGraphics.framework in Frameworks */,
				F8914ACD194673F300689FE2 /* UIKit.framework in Frameworks */,
				F8914AC9194673F300689FE2 /* Foundation.framework in Frameworks */,
			);
			runOnlyForDeploymentPostprocessing = 0;
		};
		F8914AE6194673F300689FE2 /* Frameworks */ = {
			isa = PBXFrameworksBuildPhase;
			buildActionMask = 2147483647;
			files = (
				F8914AEB194673F300689FE2 /* XCTest.framework in Frameworks */,
				F8914AED194673F300689FE2 /* UIKit.framework in Frameworks */,
				F8914AEC194673F300689FE2 /* Foundation.framework in Frameworks */,
			);
			runOnlyForDeploymentPostprocessing = 0;
		};
/* End PBXFrameworksBuildPhase section */

/* Begin PBXGroup section */
		F8914ABC194673F300689FE2 = {
			isa = PBXGroup;
			children = (
				F8914ACE194673F300689FE2 /* RSSreader */,
				F8914AF0194673F300689FE2 /* RSSreaderTests */,
				F8914AC7194673F300689FE2 /* Frameworks */,
				F8914AC6194673F300689FE2 /* Products */,
			);
			sourceTree = "<group>";
		};
		F8914AC6194673F300689FE2 /* Products */ = {
			isa = PBXGroup;
			children = (
				F8914AC5194673F300689FE2 /* RSSreader.app */,
				F8914AE9194673F300689FE2 /* RSSreaderTests.xctest */,
			);
			name = Products;
			sourceTree = "<group>";
		};
		F8914AC7194673F300689FE2 /* Frameworks */ = {
			isa = PBXGroup;
			children = (
				F8914AC8194673F300689FE2 /* Foundation.framework */,
				F8914ACA194673F300689FE2 /* CoreGraphics.framework */,
				F8914ACC194673F300689FE2 /* UIKit.framework */,
				F8914AEA194673F300689FE2 /* XCTest.framework */,
			);
			name = Frameworks;
			sourceTree = "<group>";
		};
		F8914ACE194673F300689FE2 /* RSSreader */ = {
			isa = PBXGroup;
			children = (
				F8914AD7194673F300689FE2 /* APPAppDelegate.h */,
				F8914AD8194673F300689FE2 /* APPAppDelegate.m */,
				F8914ADA194673F300689FE2 /* Main.storyboard */,
				F8914ADD194673F300689FE2 /* APPMasterViewController.h */,
				F8914ADE194673F300689FE2 /* APPMasterViewController.m */,
				F8914AE0194673F300689FE2 /* APPDetailViewController.h */,
				F8914AE1194673F300689FE2 /* APPDetailViewController.m */,
				F8914AE3194673F300689FE2 /* Images.xcassets */,
				F8914ACF194673F300689FE2 /* Supporting Files */,
			);
			path = RSSreader;
			sourceTree = "<group>";
		};
		F8914ACF194673F300689FE2 /* Supporting Files */ = {
			isa = PBXGroup;
			children = (
				F8914AD0194673F300689FE2 /* RSSreader-Info.plist */,
				F8914AD1194673F300689FE2 /* InfoPlist.strings */,
				F8914AD4194673F300689FE2 /* main.m */,
				F8914AD6194673F300689FE2 /* RSSreader-Prefix.pch */,
			);
			name = "Supporting Files";
			sourceTree = "<group>";
		};
		F8914AF0194673F300689FE2 /* RSSreaderTests */ = {
			isa = PBXGroup;
			children = (
				F8914AF6194673F300689FE2 /* RSSreaderTests.m */,
				F8914AF1194673F300689FE2 /* Supporting Files */,
			);
			path = RSSreaderTests;
			sourceTree = "<group>";
		};
		F8914AF1194673F300689FE2 /* Supporting Files */ = {
			isa = PBXGroup;
			children = (
				F8914AF2194673F300689FE2 /* RSSreaderTests-Info.plist */,
				F8914AF3194673F300689FE2 /* InfoPlist.strings */,
			);
			name = "Supporting Files";
			sourceTree = "<group>";
		};
/* End PBXGroup section */

/* Begin PBXNativeTarget section */
		F8914AC4194673F300689FE2 /* RSSreader */ = {
			isa = PBXNativeTarget;
			buildConfigurationList = F8914AFA194673F300689FE2 /* Build configuration list for PBXNativeTarget "RSSreader" */;
			buildPhases = (
				F8914AC1194673F300689FE2 /* Sources */,
				F8914AC2194673F300689FE2 /* Frameworks */,
				F8914AC3194673F300689FE2 /* Resources */,
			);
			buildRules = (
			);
			dependencies = (
			);
			name = RSSreader;
			productName = RSSreader;
			productReference = F8914AC5194673F300689FE2 /* RSSreader.app */;
			productType = "com.apple.product-type.application";
		};
		F8914AE8194673F300689FE2 /* RSSreaderTests */ = {
			isa = PBXNativeTarget;
			buildConfigurationList = F8914AFD194673F300689FE2 /* Build configuration list for PBXNativeTarget "RSSreaderTests" */;
			buildPhases = (
				F8914AE5194673F300689FE2 /* Sources */,
				F8914AE6194673F300689FE2 /* Frameworks */,
				F8914AE7194673F300689FE2 /* Resources */,
			);
			buildRules = (
			);
			dependencies = (
				F8914AEF194673F300689FE2 /* PBXTargetDependency */,
			);
			name = RSSreaderTests;
			productName = RSSreaderTests;
			productReference = F8914AE9194673F300689FE2 /* RSSreaderTests.xctest */;
			productType = "com.apple.product-type.bundle.unit-test";
		};
/* End PBXNativeTarget section */

/* Begin PBXProject section */
		F8914ABD194673F300689FE2 /* Project object */ = {
			isa = PBXProject;
			attributes = {
				CLASSPREFIX = APP;
				LastUpgradeCheck = 0500;
				ORGANIZATIONNAME = "Matthew Chan";
				TargetAttributes = {
					F8914AE8194673F300689FE2 = {
						TestTargetID = F8914AC4194673F300689FE2;
					};
				};
			};
			buildConfigurationList = F8914AC0194673F300689FE2 /* Build configuration list for PBXProject "RSSreader" */;
			compatibilityVersion = "Xcode 3.2";
			developmentRegion = English;
			hasScannedForEncodings = 0;
			knownRegions = (
				en,
				Base,
			);
			mainGroup = F8914ABC194673F300689FE2;
			productRefGroup = F8914AC6194673F300689FE2 /* Products */;
			projectDirPath = "";
			projectRoot = "";
			targets = (
				F8914AC4194673F300689FE2 /* RSSreader */,
				F8914AE8194673F300689FE2 /* RSSreaderTests */,
			);
		};
/* End PBXProject section */

/* Begin PBXResourcesBuildPhase section */
		F8914AC3194673F300689FE2 /* Resources */ = {
			isa = PBXResourcesBuildPhase;
			buildActionMask = 2147483647;
			files = (
				F8914AE4194673F300689FE2 /* Images.xcassets in Resources */,
				F8914AD3194673F300689FE2 /* InfoPlist.strings in Resources */,
				F8914ADC194673F300689FE2 /* Main.storyboard in Resources */,
			);
			runOnlyForDeploymentPostprocessing = 0;
		};
		F8914AE7194673F300689FE2 /* Resources */ = {
			isa = PBXResourcesBuildPhase;
			buildActionMask = 2147483647;
			files = (
				F8914AF5194673F300689FE2 /* InfoPlist.strings in Resources */,
			);
			runOnlyForDeploymentPostprocessing = 0;
		};
/* End PBXResourcesBuildPhase section */

/* Begin PBXSourcesBuildPhase section */
		F8914AC1194673F300689FE2 /* Sources */ = {
			isa = PBXSourcesBuildPhase;
			buildActionMask = 2147483647;
			files = (
				F8914AD9194673F300689FE2 /* APPAppDelegate.m in Sources */,
				F8914ADF194673F300689FE2 /* APPMasterViewController.m in Sources */,
				F8914AD5194673F300689FE2 /* main.m in Sources */,
				F8914AE2194673F300689FE2 /* APPDetailViewController.m in Sources */,
			);
			runOnlyForDeploymentPostprocessing = 0;
		};
		F8914AE5194673F300689FE2 /* Sources */ = {
			isa = PBXSourcesBuildPhase;
			buildActionMask = 2147483647;
			files = (
				F8914AF7194673F300689FE2 /* RSSreaderTests.m in Sources */,
			);
			runOnlyForDeploymentPostprocessing = 0;
		};
/* End PBXSourcesBuildPhase section */

/* Begin PBXTargetDependency section */
		F8914AEF194673F300689FE2 /* PBXTargetDependency */ = {
			isa = PBXTargetDependency;
			target = F8914AC4194673F300689FE2 /* RSSreader */;
			targetProxy = F8914AEE194673F300689FE2 /* PBXContainerItemProxy */;
		};
/* End PBXTargetDependency section */

/* Begin PBXVariantGroup section */
		F8914AD1194673F300689FE2 /* InfoPlist.strings */ = {
			isa = PBXVariantGroup;
			children = (
				F8914AD2194673F300689FE2 /* en */,
			);
			name = InfoPlist.strings;
			sourceTree = "<group>";
		};
		F8914ADA194673F300689FE2 /* Main.storyboard */ = {
			isa = PBXVariantGroup;
			children = (
				F8914ADB194673F300689FE2 /* Base */,
			);
			name = Main.storyboard;
			sourceTree = "<group>";
		};
		F8914AF3194673F300689FE2 /* InfoPlist.strings */ = {
			isa = PBXVariantGroup;
			children = (
				F8914AF4194673F300689FE2 /* en */,
			);
			name = InfoPlist.strings;
			sourceTree = "<group>";
		};
/* End PBXVariantGroup section */

/* Begin XCBuildConfiguration section */
		F8914AF8194673F300689FE2 /* Debug */ = {
			isa = XCBuildConfiguration;
			buildSettings = {
				ALWAYS_SEARCH_USER_PATHS = NO;
				ARCHS = "$(ARCHS_STANDARD_INCLUDING_64_BIT)";
				CLANG_CXX_LANGUAGE_STANDARD = "gnu++0x";
				CLANG_CXX_LIBRARY = "libc++";
				CLANG_ENABLE_MODULES = YES;
				CLANG_ENABLE_OBJC_ARC = YES;
				CLANG_WARN_BOOL_CONVERSION = YES;
				CLANG_WARN_CONSTANT_CONVERSION = YES;
				CLANG_WARN_DIRECT_OBJC_ISA_USAGE = YES_ERROR;
				CLANG_WARN_EMPTY_BODY = YES;
				CLANG_WARN_ENUM_CONVERSION = YES;
				CLANG_WARN_INT_CONVERSION = YES;
				CLANG_WARN_OBJC_ROOT_CLASS = YES_ERROR;
				CLANG_WARN__DUPLICATE_METHOD_MATCH = YES;
				"CODE_SIGN_IDENTITY[sdk=iphoneos*]" = "iPhone Developer";
				COPY_PHASE_STRIP = NO;
				GCC_C_LANGUAGE_STANDARD = gnu99;
				GCC_DYNAMIC_NO_PIC = NO;
				GCC_OPTIMIZATION_LEVEL = 0;
				GCC_PREPROCESSOR_DEFINITIONS = (
					"DEBUG=1",
					"$(inherited)",
				);
				GCC_SYMBOLS_PRIVATE_EXTERN = NO;
				GCC_WARN_64_TO_32_BIT_CONVERSION = YES;
				GCC_WARN_ABOUT_RETURN_TYPE = YES_ERROR;
				GCC_WARN_UNDECLARED_SELECTOR = YES;
				GCC_WARN_UNINITIALIZED_AUTOS = YES;
				GCC_WARN_UNUSED_FUNCTION = YES;
				GCC_WARN_UNUSED_VARIABLE = YES;
				IPHONEOS_DEPLOYMENT_TARGET = 7.0;
				ONLY_ACTIVE_ARCH = YES;
				SDKROOT = iphoneos;
			};
			name = Debug;
		};
		F8914AF9194673F300689FE2 /* Release */ = {
			isa = XCBuildConfiguration;
			buildSettings = {
				ALWAYS_SEARCH_USER_PATHS = NO;
				ARCHS = "$(ARCHS_STANDARD_INCLUDING_64_BIT)";
				CLANG_CXX_LANGUAGE_STANDARD = "gnu++0x";
				CLANG_CXX_LIBRARY = "libc++";
				CLANG_ENABLE_MODULES = YES;
				CLANG_ENABLE_OBJC_ARC = YES;
				CLANG_WARN_BOOL_CONVERSION = YES;
				CLANG_WARN_CONSTANT_CONVERSION = YES;
				CLANG_WARN_DIRECT_OBJC_ISA_USAGE = YES_ERROR;
				CLANG_WARN_EMPTY_BODY = YES;
				CLANG_WARN_ENUM_CONVERSION = YES;
				CLANG_WARN_INT_CONVERSION = YES;
				CLANG_WARN_OBJC_ROOT_CLASS = YES_ERROR;
				CLANG_WARN__DUPLICATE_METHOD_MATCH = YES;
				"CODE_SIGN_IDENTITY[sdk=iphoneos*]" = "iPhone Developer";
				COPY_PHASE_STRIP = YES;
				ENABLE_NS_ASSERTIONS = NO;
				GCC_C_LANGUAGE_STANDARD = gnu99;
				GCC_WARN_64_TO_32_BIT_CONVERSION = YES;
				GCC_WARN_ABOUT_RETURN_TYPE = YES_ERROR;
				GCC_WARN_UNDECLARED_SELECTOR = YES;
				GCC_WARN_UNINITIALIZED_AUTOS = YES;
				GCC_WARN_UNUSED_FUNCTION = YES;
				GCC_WARN_UNUSED_VARIABLE = YES;
				IPHONEOS_DEPLOYMENT_TARGET = 7.0;
				SDKROOT = iphoneos;
				VALIDATE_PRODUCT = YES;
			};
			name = Release;
		};
		F8914AFB194673F300689FE2 /* Debug */ = {
			isa = XCBuildConfiguration;
			buildSettings = {
				ASSETCATALOG_COMPILER_APPICON_NAME = AppIcon;
				ASSETCATALOG_COMPILER_LAUNCHIMAGE_NAME = LaunchImage;
				GCC_PRECOMPILE_PREFIX_HEADER = YES;
				GCC_PREFIX_HEADER = "RSSreader/RSSreader-Prefix.pch";
				INFOPLIST_FILE = "RSSreader/RSSreader-Info.plist";
				PRODUCT_NAME = "$(TARGET_NAME)";
				WRAPPER_EXTENSION = app;
			};
			name = Debug;
		};
		F8914AFC194673F300689FE2 /* Release */ = {
			isa = XCBuildConfiguration;
			buildSettings = {
				ASSETCATALOG_COMPILER_APPICON_NAME = AppIcon;
				ASSETCATALOG_COMPILER_LAUNCHIMAGE_NAME = LaunchImage;
				GCC_PRECOMPILE_PREFIX_HEADER = YES;
				GCC_PREFIX_HEADER = "RSSreader/RSSreader-Prefix.pch";
				INFOPLIST_FILE = "RSSreader/RSSreader-Info.plist";
				PRODUCT_NAME = "$(TARGET_NAME)";
				WRAPPER_EXTENSION = app;
			};
			name = Release;
		};
		F8914AFE194673F300689FE2 /* Debug */ = {
			isa = XCBuildConfiguration;
			buildSettings = {
				ARCHS = "$(ARCHS_STANDARD_INCLUDING_64_BIT)";
				BUNDLE_LOADER = "$(BUILT_PRODUCTS_DIR)/RSSreader.app/RSSreader";
				FRAMEWORK_SEARCH_PATHS = (
					"$(SDKROOT)/Developer/Library/Frameworks",
					"$(inherited)",
					"$(DEVELOPER_FRAMEWORKS_DIR)",
				);
				GCC_PRECOMPILE_PREFIX_HEADER = YES;
				GCC_PREFIX_HEADER = "RSSreader/RSSreader-Prefix.pch";
				GCC_PREPROCESSOR_DEFINITIONS = (
					"DEBUG=1",
					"$(inherited)",
				);
				INFOPLIST_FILE = "RSSreaderTests/RSSreaderTests-Info.plist";
				PRODUCT_NAME = "$(TARGET_NAME)";
				TEST_HOST = "$(BUNDLE_LOADER)";
				WRAPPER_EXTENSION = xctest;
			};
			name = Debug;
		};
		F8914AFF194673F300689FE2 /* Release */ = {
			isa = XCBuildConfiguration;
			buildSettings = {
				ARCHS = "$(ARCHS_STANDARD_INCLUDING_64_BIT)";
				BUNDLE_LOADER = "$(BUILT_PRODUCTS_DIR)/RSSreader.app/RSSreader";
				FRAMEWORK_SEARCH_PATHS = (
					"$(SDKROOT)/Developer/Library/Frameworks",
					"$(inherited)",
					"$(DEVELOPER_FRAMEWORKS_DIR)",
				);
				GCC_PRECOMPILE_PREFIX_HEADER = YES;
				GCC_PREFIX_HEADER = "RSSreader/RSSreader-Prefix.pch";
				INFOPLIST_FILE = "RSSreaderTests/RSSreaderTests-Info.plist";
				PRODUCT_NAME = "$(TARGET_NAME)";
				TEST_HOST = "$(BUNDLE_LOADER)";
				WRAPPER_EXTENSION = xctest;
			};
			name = Release;
		};
/* End XCBuildConfiguration section */

/* Begin XCConfigurationList section */
		F8914AC0194673F300689FE2 /* Build configuration list for PBXProject "RSSreader" */ = {
			isa = XCConfigurationList;
			buildConfigurations = (
				F8914AF8194673F300689FE2 /* Debug */,
				F8914AF9194673F300689FE2 /* Release */,
			);
			defaultConfigurationIsVisible = 0;
			defaultConfigurationName = Release;
		};
		F8914AFA194673F300689FE2 /* Build configuration list for PBXNativeTarget "RSSreader" */ = {
			isa = XCConfigurationList;
			buildConfigurations = (
				F8914AFB194673F300689FE2 /* Debug */,
				F8914AFC194673F300689FE2 /* Release */,
			);
			defaultConfigurationIsVisible = 0;
		};
		F8914AFD194673F300689FE2 /* Build configuration list for PBXNativeTarget "RSSreaderTests" */ = {
			isa = XCConfigurationList;
			buildConfigurations = (
				F8914AFE194673F300689FE2 /* Debug */,
				F8914AFF194673F300689FE2 /* Release */,
			);
			defaultConfigurationIsVisible = 0;
		};
/* End XCConfigurationList section */
	};
	rootObject = F8914ABD194673F300689FE2 /* Project object */;
}
